Microsoft Visual Studio Solution File, Format Version 12.00
# Visual Studio Version 17
VisualStudioVersion = 17.8.0.0
MinimumVisualStudioVersion = 17.8.0.0
Project("{9A19103F-16F7-4668-BE54-9A1E7A4F7556}") = "Emustates.Site.AppHost", "Emustates.Site.AppHost\Emustates.Site.AppHost.csproj", "{7F81A5E3-6D79-4236-90CA-D15B3EBCE61A}"
EndProject
Project("{9A19103F-16F7-4668-BE54-9A1E7A4F7556}") = "Emustates.Site.ServiceDefaults", "Emustates.Site.ServiceDefaults\Emustates.Site.ServiceDefaults.csproj", "{4D1D174A-041E-46A1-8908-CDBE3A46185B}"
EndProject
Project("{9A19103F-16F7-4668-BE54-9A1E7A4F7556}") = "Emustates.Site.ApiService", "Emustates.Site.ApiService\Emustates.Site.ApiService.csproj", "{DD73B102-500F-4FCC-BC61-AAE50DEC8C9C}"
EndProject
Project("{9A19103F-16F7-4668-BE54-9A1E7A4F7556}") = "Emustates.Site.Web", "Emustates.Site.Web\Emustates.Site.Web.csproj", "{F350C90E-F4E8-4F57-AD0A-E42A55AC1A12}"
EndProject
Global
	GlobalSection(SolutionConfigurationPlatforms) = preSolution
		Debug|Any CPU = Debug|Any CPU
		Release|Any CPU = Release|Any CPU
	EndGlobalSection
	GlobalSection(ProjectConfigurationPlatforms) = postSolution
		{7F81A5E3-6D79-4236-90CA-D15B3EBCE61A}.Debug|Any CPU.ActiveCfg = Debug|Any CPU
		{7F81A5E3-6D79-4236-90CA-D15B3EBCE61A}.Debug|Any CPU.Build.0 = Debug|Any CPU
		{7F81A5E3-6D79-4236-90CA-D15B3EBCE61A}.Release|Any CPU.ActiveCfg = Release|Any CPU
		{7F81A5E3-6D79-4236-90CA-D15B3EBCE61A}.Release|Any CPU.Build.0 = Release|Any CPU
		{4D1D174A-041E-46A1-8908-CDBE3A46185B}.Debug|Any CPU.ActiveCfg = Debug|Any CPU
		{4D1D174A-041E-46A1-8908-CDBE3A46185B}.Debug|Any CPU.Build.0 = Debug|Any CPU
		{4D1D174A-041E-46A1-8908-CDBE3A46185B}.Release|Any CPU.ActiveCfg = Release|Any CPU
		{4D1D174A-041E-46A1-8908-CDBE3A46185B}.Release|Any CPU.Build.0 = Release|Any CPU
		{DD73B102-500F-4FCC-BC61-AAE50DEC8C9C}.Debug|Any CPU.ActiveCfg = Debug|Any CPU
		{DD73B102-500F-4FCC-BC61-AAE50DEC8C9C}.Debug|Any CPU.Build.0 = Debug|Any CPU
		{DD73B102-500F-4FCC-BC61-AAE50DEC8C9C}.Release|Any CPU.ActiveCfg = Release|Any CPU
		{DD73B102-500F-4FCC-BC61-AAE50DEC8C9C}.Release|Any CPU.Build.0 = Release|Any CPU
		{F350C90E-F4E8-4F57-AD0A-E42A55AC1A12}.Debug|Any CPU.ActiveCfg = Debug|Any CPU
		{F350C90E-F4E8-4F57-AD0A-E42A55AC1A12}.Debug|Any CPU.Build.0 = Debug|Any CPU
		{F350C90E-F4E8-4F57-AD0A-E42A55AC1A12}.Release|Any CPU.ActiveCfg = Release|Any CPU
		{F350C90E-F4E8-4F57-AD0A-E42A55AC1A12}.Release|Any CPU.Build.0 = Release|Any CPU
	EndGlobalSection
	GlobalSection(SolutionProperties) = preSolution
		HideSolutionNode = FALSE
	EndGlobalSection
	GlobalSection(ExtensibilityGlobals) = postSolution
		SolutionGuid = {17837348-A32D-4672-B370-6B041DCA8677}
	EndGlobalSection
EndGlobal
